// !$*UTF8*$!
{
	archiveVersion = 1;
	classes = {
	};
	objectVersion = 50;
	objects = {

/* Begin PBXBuildFile section */
		3A8869DE23DBAD7D00936AB5 /* AppDelegate.swift in Sources */ = {isa = PBXBuildFile; fileRef = 3A8869DD23DBAD7D00936AB5 /* AppDelegate.swift */; };
		3A8869E023DBAD7D00936AB5 /* SceneDelegate.swift in Sources */ = {isa = PBXBuildFile; fileRef = 3A8869DF23DBAD7D00936AB5 /* SceneDelegate.swift */; };
		3A8869E523DBAD7D00936AB5 /* Main.storyboard in Resources */ = {isa = PBXBuildFile; fileRef = 3A8869E323DBAD7D00936AB5 /* Main.storyboard */; };
		3A8869E823DBAD7D00936AB5 /* FinalAssignment_C0749456.xcdatamodeld in Sources */ = {isa = PBXBuildFile; fileRef = 3A8869E623DBAD7D00936AB5 /* FinalAssignment_C0749456.xcdatamodeld */; };
		3A8869EA23DBAD7F00936AB5 /* Assets.xcassets in Resources */ = {isa = PBXBuildFile; fileRef = 3A8869E923DBAD7F00936AB5 /* Assets.xcassets */; };
		3A8869ED23DBAD7F00936AB5 /* LaunchScreen.storyboard in Resources */ = {isa = PBXBuildFile; fileRef = 3A8869EB23DBAD7F00936AB5 /* LaunchScreen.storyboard */; };
		3A8869F523DBAEBB00936AB5 /* Product.swift in Sources */ = {isa = PBXBuildFile; fileRef = 3A8869F423DBAEBB00936AB5 /* Product.swift */; };
		3A8869F723DBAFFE00936AB5 /* ProductTableViewController.swift in Sources */ = {isa = PBXBuildFile; fileRef = 3A8869F623DBAFFE00936AB5 /* ProductTableViewController.swift */; };
		3A8869F923DBBABB00936AB5 /* ProductsViewController.swift in Sources */ = {isa = PBXBuildFile; fileRef = 3A8869F823DBBABB00936AB5 /* ProductsViewController.swift */; };
		3A8869FB23DBBDE100936AB5 /* DetailViewController.swift in Sources */ = {isa = PBXBuildFile; fileRef = 3A8869FA23DBBDE100936AB5 /* DetailViewController.swift */; };
/* End PBXBuildFile section */

/* Begin PBXFileReference section */
		3A8869DA23DBAD7D00936AB5 /* FinalAssignment_C0749456.app */ = {isa = PBXFileReference; explicitFileType = wrapper.application; includeInIndex = 0; path = FinalAssignment_C0749456.app; sourceTree = BUILT_PRODUCTS_DIR; };
		3A8869DD23DBAD7D00936AB5 /* AppDelegate.swift */ = {isa = PBXFileReference; lastKnownFileType = sourcecode.swift; path = AppDelegate.swift; sourceTree = "<group>"; };
		3A8869DF23DBAD7D00936AB5 /* SceneDelegate.swift */ = {isa = PBXFileReference; lastKnownFileType = sourcecode.swift; path = SceneDelegate.swift; sourceTree = "<group>"; };
		3A8869E423DBAD7D00936AB5 /* Base */ = {isa = PBXFileReference; lastKnownFileType = file.storyboard; name = Base; path = Base.lproj/Main.storyboard; sourceTree = "<group>"; };
		3A8869E723DBAD7D00936AB5 /* FinalAssignment_C0749456.xcdatamodel */ = {isa = PBXFileReference; lastKnownFileType = wrapper.xcdatamodel; path = FinalAssignment_C0749456.xcdatamodel; sourceTree = "<group>"; };
		3A8869E923DBAD7F00936AB5 /* Assets.xcassets */ = {isa = PBXFileReference; lastKnownFileType = folder.assetcatalog; path = Assets.xcassets; sourceTree = "<group>"; };
		3A8869EC23DBAD7F00936AB5 /* Base */ = {isa = PBXFileReference; lastKnownFileType = file.storyboard; name = Base; path = Base.lproj/LaunchScreen.storyboard; sourceTree = "<group>"; };
		3A8869EE23DBAD7F00936AB5 /* Info.plist */ = {isa = PBXFileReference; lastKnownFileType = text.plist.xml; path = Info.plist; sourceTree = "<group>"; };
		3A8869F423DBAEBB00936AB5 /* Product.swift */ = {isa = PBXFileReference; lastKnownFileType = sourcecode.swift; path = Product.swift; sourceTree = "<group>"; };
		3A8869F623DBAFFE00936AB5 /* ProductTableViewController.swift */ = {isa = PBXFileReference; lastKnownFileType = sourcecode.swift; path = ProductTableViewController.swift; sourceTree = "<group>"; };
		3A8869F823DBBABB00936AB5 /* ProductsViewController.swift */ = {isa = PBXFileReference; lastKnownFileType = sourcecode.swift; path = ProductsViewController.swift; sourceTree = "<group>"; };
		3A8869FA23DBBDE100936AB5 /* DetailViewController.swift */ = {isa = PBXFileReference; lastKnownFileType = sourcecode.swift; path = DetailViewController.swift; sourceTree = "<group>"; };
/* End PBXFileReference section */

/* Begin PBXFrameworksBuildPhase section */
		3A8869D723DBAD7D00936AB5 /* Frameworks */ = {
			isa = PBXFrameworksBuildPhase;
			buildActionMask = 2147483647;
			files = (
			);
			runOnlyForDeploymentPostprocessing = 0;
		};
/* End PBXFrameworksBuildPhase section */

/* Begin PBXGroup section */
		3A8869D123DBAD7D00936AB5 = {
			isa = PBXGroup;
			children = (
				3A8869DC23DBAD7D00936AB5 /* FinalAssignment_C0749456 */,
				3A8869DB23DBAD7D00936AB5 /* Products */,
			);
			sourceTree = "<group>";
		};
		3A8869DB23DBAD7D00936AB5 /* Products */ = {
			isa = PBXGroup;
			children = (
				3A8869DA23DBAD7D00936AB5 /* FinalAssignment_C0749456.app */,
			);
			name = Products;
			sourceTree = "<group>";
		};
		3A8869DC23DBAD7D00936AB5 /* FinalAssignment_C0749456 */ = {
			isa = PBXGroup;
			children = (
				3A8869DD23DBAD7D00936AB5 /* AppDelegate.swift */,
				3A8869DF23DBAD7D00936AB5 /* SceneDelegate.swift */,
				3A8869E323DBAD7D00936AB5 /* Main.storyboard */,
				3A8869E923DBAD7F00936AB5 /* Assets.xcassets */,
				3A8869EB23DBAD7F00936AB5 /* LaunchScreen.storyboard */,
				3A8869EE23DBAD7F00936AB5 /* Info.plist */,
				3A8869E623DBAD7D00936AB5 /* FinalAssignment_C0749456.xcdatamodeld */,
				3A8869F423DBAEBB00936AB5 /* Product.swift */,
				3A8869F623DBAFFE00936AB5 /* ProductTableViewController.swift */,
				3A8869F823DBBABB00936AB5 /* ProductsViewController.swift */,
				3A8869FA23DBBDE100936AB5 /* DetailViewController.swift */,
			);
			path = FinalAssignment_C0749456;
			sourceTree = "<group>";
		};
/* End PBXGroup section */

/* Begin PBXNativeTarget section */
		3A8869D923DBAD7D00936AB5 /* FinalAssignment_C0749456 */ = {
			isa = PBXNativeTarget;
			buildConfigurationList = 3A8869F123DBAD7F00936AB5 /* Build configuration list for PBXNativeTarget "FinalAssignment_C0749456" */;
			buildPhases = (
				3A8869D623DBAD7D00936AB5 /* Sources */,
				3A8869D723DBAD7D00936AB5 /* Frameworks */,
				3A8869D823DBAD7D00936AB5 /* Resources */,
			);
			buildRules = (
			);
			dependencies = (
			);
			name = FinalAssignment_C0749456;
			productName = FinalAssignment_C0749456;
			productReference = 3A8869DA23DBAD7D00936AB5 /* FinalAssignment_C0749456.app */;
			productType = "com.apple.product-type.application";
		};
/* End PBXNativeTarget section */

/* Begin PBXProject section */
		3A8869D223DBAD7D00936AB5 /* Project object */ = {
			isa = PBXProject;
			attributes = {
				LastSwiftUpdateCheck = 1120;
				LastUpgradeCheck = 1120;
				ORGANIZATIONNAME = Megha;
				TargetAttributes = {
					3A8869D923DBAD7D00936AB5 = {
						CreatedOnToolsVersion = 11.2;
					};
				};
			};
			buildConfigurationList = 3A8869D523DBAD7D00936AB5 /* Build configuration list for PBXProject "FinalAssignment_C0749456" */;
			compatibilityVersion = "Xcode 9.3";
			developmentRegion = en;
			hasScannedForEncodings = 0;
			knownRegions = (
				en,
				Base,
			);
			mainGroup = 3A8869D123DBAD7D00936AB5;
			productRefGroup = 3A8869DB23DBAD7D00936AB5 /* Products */;
			projectDirPath = "";
			projectRoot = "";
			targets = (
				3A8869D923DBAD7D00936AB5 /* FinalAssignment_C0749456 */,
			);
		};
/* End PBXProject section */

/* Begin PBXResourcesBuildPhase section */
		3A8869D823DBAD7D00936AB5 /* Resources */ = {
			isa = PBXResourcesBuildPhase;
			buildActionMask = 2147483647;
			files = (
				3A8869ED23DBAD7F00936AB5 /* LaunchScreen.storyboard in Resources */,
				3A8869EA23DBAD7F00936AB5 /* Assets.xcassets in Resources */,
				3A8869E523DBAD7D00936AB5 /* Main.storyboard in Resources */,
			);
			runOnlyForDeploymentPostprocessing = 0;
		};
/* End PBXResourcesBuildPhase section */

/* Begin PBXSourcesBuildPhase section */
		3A8869D623DBAD7D00936AB5 /* Sources */ = {
			isa = PBXSourcesBuildPhase;
			buildActionMask = 2147483647;
			files = (
				3A8869F923DBBABB00936AB5 /* ProductsViewController.swift in Sources */,
				3A8869E823DBAD7D00936AB5 /* FinalAssignment_C0749456.xcdatamodeld in Sources */,
				3A8869F523DBAEBB00936AB5 /* Product.swift in Sources */,
				3A8869DE23DBAD7D00936AB5 /* AppDelegate.swift in Sources */,
				3A8869F723DBAFFE00936AB5 /* ProductTableViewController.swift in Sources */,
				3A8869E023DBAD7D00936AB5 /* SceneDelegate.swift in Sources */,
				3A8869FB23DBBDE100936AB5 /* DetailViewController.swift in Sources */,
			);
			runOnlyForDeploymentPostprocessing = 0;
		};
/* End PBXSourcesBuildPhase section */

/* Begin PBXVariantGroup section */
		3A8869E323DBAD7D00936AB5 /* Main.storyboard */ = {
			isa = PBXVariantGroup;
			children = (
				3A8869E423DBAD7D00936AB5 /* Base */,
			);
			name = Main.storyboard;
			sourceTree = "<group>";
		};
		3A8869EB23DBAD7F00936AB5 /* LaunchScreen.storyboard */ = {
			isa = PBXVariantGroup;
			children = (
				3A8869EC23DBAD7F00936AB5 /* Base */,
			);
			name = LaunchScreen.storyboard;
			sourceTree = "<group>";
		};
/* End PBXVariantGroup section */

/* Begin XCBuildConfiguration section */
		3A8869EF23DBAD7F00936AB5 /* Debug */ = {
			isa = XCBuildConfiguration;
			buildSettings = {
				ALWAYS_SEARCH_USER_PATHS = NO;
				CLANG_ANALYZER_NONNULL = YES;
				CLANG_ANALYZER_NUMBER_OBJECT_CONVERSION = YES_AGGRESSIVE;
				CLANG_CXX_LANGUAGE_STANDARD = "gnu++14";
				CLANG_CXX_LIBRARY = "libc++";
				CLANG_ENABLE_MODULES = YES;
				CLANG_ENABLE_OBJC_ARC = YES;
				CLANG_ENABLE_OBJC_WEAK = YES;
				CLANG_WARN_BLOCK_CAPTURE_AUTORELEASING = YES;
				CLANG_WARN_BOOL_CONVERSION = YES;
				CLANG_WARN_COMMA = YES;
				CLANG_WARN_CONSTANT_CONVERSION = YES;
				CLANG_WARN_DEPRECATED_OBJC_IMPLEMENTATIONS = YES;
				CLANG_WARN_DIRECT_OBJC_ISA_USAGE = YES_ERROR;
				CLANG_WARN_DOCUMENTATION_COMMENTS = YES;
				CLANG_WARN_EMPTY_BODY = YES;
				CLANG_WARN_ENUM_CONVERSION = YES;
				CLANG_WARN_INFINITE_RECURSION = YES;
				CLANG_WARN_INT_CONVERSION = YES;
				CLANG_WARN_NON_LITERAL_NULL_CONVERSION = YES;
				CLANG_WARN_OBJC_IMPLICIT_RETAIN_SELF = YES;
				CLANG_WARN_OBJC_LITERAL_CONVERSION = YES;
				CLANG_WARN_OBJC_ROOT_CLASS = YES_ERROR;
				CLANG_WARN_RANGE_LOOP_ANALYSIS = YES;
				CLANG_WARN_STRICT_PROTOTYPES = YES;
				CLANG_WARN_SUSPICIOUS_MOVE = YES;
				CLANG_WARN_UNGUARDED_AVAILABILITY = YES_AGGRESSIVE;
				CLANG_WARN_UNREACHABLE_CODE = YES;
				CLANG_WARN__DUPLICATE_METHOD_MATCH = YES;
				COPY_PHASE_STRIP = NO;
				DEBUG_INFORMATION_FORMAT = dwarf;
				ENABLE_STRICT_OBJC_MSGSEND = YES;
				ENABLE_TESTABILITY = YES;
				GCC_C_LANGUAGE_STANDARD = gnu11;
				GCC_DYNAMIC_NO_PIC = NO;
				GCC_NO_COMMON_BLOCKS = YES;
				GCC_OPTIMIZATION_LEVEL = 0;
				GCC_PREPROCESSOR_DEFINITIONS = (
					"DEBUG=1",
					"$(inherited)",
				);
				GCC_WARN_64_TO_32_BIT_CONVERSION = YES;
				GCC_WARN_ABOUT_RETURN_TYPE = YES_ERROR;
				GCC_WARN_UNDECLARED_SELECTOR = YES;
				GCC_WARN_UNINITIALIZED_AUTOS = YES_AGGRESSIVE;
				GCC_WARN_UNUSED_FUNCTION = YES;
				GCC_WARN_UNUSED_VARIABLE = YES;
				IPHONEOS_DEPLOYMENT_TARGET = 13.2;
				MTL_ENABLE_DEBUG_INFO = INCLUDE_SOURCE;
				MTL_FAST_MATH = YES;
				ONLY_ACTIVE_ARCH = YES;
				SDKROOT = iphoneos;
				SWIFT_ACTIVE_COMPILATION_CONDITIONS = DEBUG;
				SWIFT_OPTIMIZATION_LEVEL = "-Onone";
			};
			name = Debug;
		};
		3A8869F023DBAD7F00936AB5 /* Release */ = {
			isa = XCBuildConfiguration;
			buildSettings = {
				ALWAYS_SEARCH_USER_PATHS = NO;
				CLANG_ANALYZER_NONNULL = YES;
				CLANG_ANALYZER_NUMBER_OBJECT_CONVERSION = YES_AGGRESSIVE;
				CLANG_CXX_LANGUAGE_STANDARD = "gnu++14";
				CLANG_CXX_LIBRARY = "libc++";
				CLANG_ENABLE_MODULES = YES;
				CLANG_ENABLE_OBJC_ARC = YES;
				CLANG_ENABLE_OBJC_WEAK = YES;
				CLANG_WARN_BLOCK_CAPTURE_AUTORELEASING = YES;
				CLANG_WARN_BOOL_CONVERSION = YES;
				CLANG_WARN_COMMA = YES;
				CLANG_WARN_CONSTANT_CONVERSION = YES;
				CLANG_WARN_DEPRECATED_OBJC_IMPLEMENTATIONS = YES;
				CLANG_WARN_DIRECT_OBJC_ISA_USAGE = YES_ERROR;
				CLANG_WARN_DOCUMENTATION_COMMENTS = YES;
				CLANG_WARN_EMPTY_BODY = YES;
				CLANG_WARN_ENUM_CONVERSION = YES;
				CLANG_WARN_INFINITE_RECURSION = YES;
				CLANG_WARN_INT_CONVERSION = YES;
				CLANG_WARN_NON_LITERAL_NULL_CONVERSION = YES;
				CLANG_WARN_OBJC_IMPLICIT_RETAIN_SELF = YES;
				CLANG_WARN_OBJC_LITERAL_CONVERSION = YES;
				CLANG_WARN_OBJC_ROOT_CLASS = YES_ERROR;
				CLANG_WARN_RANGE_LOOP_ANALYSIS = YES;
				CLANG_WARN_STRICT_PROTOTYPES = YES;
				CLANG_WARN_SUSPICIOUS_MOVE = YES;
				CLANG_WARN_UNGUARDED_AVAILABILITY = YES_AGGRESSIVE;
				CLANG_WARN_UNREACHABLE_CODE = YES;
				CLANG_WARN__DUPLICATE_METHOD_MATCH = YES;
				COPY_PHASE_STRIP = NO;
				DEBUG_INFORMATION_FORMAT = "dwarf-with-dsym";
				ENABLE_NS_ASSERTIONS = NO;
				ENABLE_STRICT_OBJC_MSGSEND = YES;
				GCC_C_LANGUAGE_STANDARD = gnu11;
				GCC_NO_COMMON_BLOCKS = YES;
				GCC_WARN_64_TO_32_BIT_CONVERSION = YES;
				GCC_WARN_ABOUT_RETURN_TYPE = YES_ERROR;
				GCC_WARN_UNDECLARED_SELECTOR = YES;
				GCC_WARN_UNINITIALIZED_AUTOS = YES_AGGRESSIVE;
				GCC_WARN_UNUSED_FUNCTION = YES;
				GCC_WARN_UNUSED_VARIABLE = YES;
				IPHONEOS_DEPLOYMENT_TARGET = 13.2;
				MTL_ENABLE_DEBUG_INFO = NO;
				MTL_FAST_MATH = YES;
				SDKROOT = iphoneos;
				SWIFT_COMPILATION_MODE = wholemodule;
				SWIFT_OPTIMIZATION_LEVEL = "-O";
				VALIDATE_PRODUCT = YES;
			};
			name = Release;
		};
		3A8869F223DBAD7F00936AB5 /* Debug */ = {
			isa = XCBuildConfiguration;
			buildSettings = {
				ASSETCATALOG_COMPILER_APPICON_NAME = AppIcon;
				CODE_SIGN_STYLE = Automatic;
				DEVELOPMENT_TEAM = 79V97C2K7W;
				INFOPLIST_FILE = FinalAssignment_C0749456/Info.plist;
				LD_RUNPATH_SEARCH_PATHS = (
					"$(inherited)",
					"@executable_path/Frameworks",
				);
				PRODUCT_BUNDLE_IDENTIFIER = "megha.FinalAssignment-C0749456";
				PRODUCT_NAME = "$(TARGET_NAME)";
				SWIFT_VERSION = 5.0;
				TARGETED_DEVICE_FAMILY = "1,2";
			};
			name = Debug;
		};
		3A8869F323DBAD7F00936AB5 /* Release */ = {
			isa = XCBuildConfiguration;
			buildSettings = {
				ASSETCATALOG_COMPILER_APPICON_NAME = AppIcon;
				CODE_SIGN_STYLE = Automatic;
				DEVELOPMENT_TEAM = 79V97C2K7W;
				INFOPLIST_FILE = FinalAssignment_C0749456/Info.plist;
				LD_RUNPATH_SEARCH_PATHS = (
					"$(inherited)",
					"@executable_path/Frameworks",
				);
				PRODUCT_BUNDLE_IDENTIFIER = "megha.FinalAssignment-C0749456";
				PRODUCT_NAME = "$(TARGET_NAME)";
				SWIFT_VERSION = 5.0;
				TARGETED_DEVICE_FAMILY = "1,2";
			};
			name = Release;
		};
/* End XCBuildConfiguration section */

/* Begin XCConfigurationList section */
		3A8869D523DBAD7D00936AB5 /* Build configuration list for PBXProject "FinalAssignment_C0749456" */ = {
			isa = XCConfigurationList;
			buildConfigurations = (
				3A8869EF23DBAD7F00936AB5 /* Debug */,
				3A8869F023DBAD7F00936AB5 /* Release */,
			);
			defaultConfigurationIsVisible = 0;
			defaultConfigurationName = Release;
		};
		3A8869F123DBAD7F00936AB5 /* Build configuration list for PBXNativeTarget "FinalAssignment_C0749456" */ = {
			isa = XCConfigurationList;
			buildConfigurations = (
				3A8869F223DBAD7F00936AB5 /* Debug */,
				3A8869F323DBAD7F00936AB5 /* Release */,
			);
			defaultConfigurationIsVisible = 0;
			defaultConfigurationName = Release;
		};
/* End XCConfigurationList section */

/* Begin XCVersionGroup section */
		3A8869E623DBAD7D00936AB5 /* FinalAssignment_C0749456.xcdatamodeld */ = {
			isa = XCVersionGroup;
			children = (
				3A8869E723DBAD7D00936AB5 /* FinalAssignment_C0749456.xcdatamodel */,
			);
			currentVersion = 3A8869E723DBAD7D00936AB5 /* FinalAssignment_C0749456.xcdatamodel */;
			path = FinalAssignment_C0749456.xcdatamodeld;
			sourceTree = "<group>";
			versionGroupType = wrapper.xcdatamodel;
		};
/* End XCVersionGroup section */
	};
	rootObject = 3A8869D223DBAD7D00936AB5 /* Project object */;
}
